{
  "name": "bb_botd_api",
  "version": "1.0.0",
  "lockfileVersion": 3,
  "requires": true,
  "packages": {
    "": {
      "name": "bb_botd_api",
      "version": "1.0.0",
      "license": "MBC",
      "dependencies": {
        "bb_botd_api": "file:"
      }
    },
    "node_modules/bb_botd_api": {
      "resolved": "",
      "link": true
    }
  }
}
